{
  "version": 4,
  "terraform_version": "1.11.2",
  "serial": 20,
  "lineage": "3e56d0bd-6d88-a947-eadf-31de52dd9147",
  "outputs": {},
  "resources": [
    {
      "module": "module.common",
      "mode": "managed",
      "type": "libvirt_pool",
      "name": "disks_newdisks",
      "provider": "module.common.provider[\"registry.terraform.io/dmacvicar/libvirt\"]",
      "instances": [
        {
          "schema_version": 0,
          "attributes": {
            "allocation": 9085919232,
            "available": 30597976064,
            "capacity": 39683895296,
            "id": "867e20fd-d821-470e-8909-68d6d0dececb",
            "name": "disks_newdisks",
            "path": null,
            "source": [],
            "target": [
              {
                "path": "/mnt/kvm/disks_newdisks"
              }
            ],
            "type": "dir",
            "xml": []
          },
          "sensitive_attributes": [],
          "private": "bnVsbA=="
        }
      ]
    },
    {
      "module": "module.common",
      "mode": "managed",
      "type": "libvirt_volume",
      "name": "base_volume",
      "provider": "module.common.provider[\"registry.terraform.io/dmacvicar/libvirt\"]",
      "instances": [
        {
          "schema_version": 0,
          "attributes": {
            "base_volume_id": null,
            "base_volume_name": null,
            "base_volume_pool": null,
            "format": "qcow2",
            "id": "/mnt/kvm/disks_newdisks/base.qcow2",
            "name": "base.qcow2",
            "pool": "disks_newdisks",
            "size": 8589934592,
            "source": "https://cloud.centos.org/centos/7/images/CentOS-7-x86_64-GenericCloud-1601.qcow2",
            "xml": []
          },
          "sensitive_attributes": [],
          "private": "bnVsbA==",
          "dependencies": [
            "module.common.libvirt_pool.disks_newdisks"
          ]
        }
      ]
    },
    {
      "module": "module.worker01",
      "mode": "data",
      "type": "template_file",
      "name": "network_config",
      "provider": "provider[\"registry.terraform.io/hashicorp/template\"]",
      "instances": [
        {
          "schema_version": 0,
          "attributes": {
            "filename": null,
            "id": "22e414af28592daeab3cd709625b8f61ff115b5b02301528c75616bf1009dbe3",
            "rendered": "subnets:\n      - type: static\n        address: 192.168.190.100/24\n        gateway: 192.168.190.1\n        dns_nameservers:\n          - 8.8.8.8\n          - 8.8.4.4\n",
            "template": "subnets:\n      - type: static\n        address: 192.168.190.100/24\n        gateway: 192.168.190.1\n        dns_nameservers:\n          - 8.8.8.8\n          - 8.8.4.4\n",
            "vars": {
              "address": "192.168.190.100/24",
              "dns_1": "",
              "domain": "local",
              "gateway": "192.168.190.1"
            }
          },
          "sensitive_attributes": []
        }
      ]
    },
    {
      "module": "module.worker01",
      "mode": "data",
      "type": "template_file",
      "name": "user_data",
      "provider": "provider[\"registry.terraform.io/hashicorp/template\"]",
      "instances": [
        {
          "schema_version": 0,
          "attributes": {
            "filename": null,
            "id": "6a3289aaac217c8e8a3d7e2610cfc17d2f20b12c2da34e681185817384f1fd4c",
            "rendered": "#cloud-config\n# vim: syntax=yaml\n\nhostname: worker01\nusers:\n  - name: deploy\n    sudo: [\"ALL=(ALL) NOPASSWD:ALL\"]\n    groups: wheel\n    home: /home/deploy\n    shell: /bin/bash\n    lock_passwd: false\n    ssh_authorized_keys:\n      - ssh-rsa AAAAB3NzaC1yc2EAAAADAQABAAACAQDeknESoDEe6a4GWc3l9yONobuIUomk1h01wCA80RXQ5gEJ3KOslRMOvAQIYjBICYPfimYZsNHmTJWvBHFg7+TT7c2bLLGjBQIuri2kDsHZlCIefWFxFQQoj4rlw922fHGVF83h7nkASEflQuQLs0oOpa0FbH4rNLm7HrLzCL4kjJ7XlusbO9nt8I7lz8ficyhkt1Q9/CUk69yhC/y11FIaEvDOJeiFKtF94mSVzu2k1+wepwhDCWh7ylNVlNHdjCtTRv3pkYNWVibOlfUeHKdpwIpOGaUN+yM5lVRIvcGL0JjWwmnimGr7nnLAHAUy+ktfWJMMCvpBonwHlQLtFGFI7jLRXV1beTDYzCA7K4466M+OnZS5TDvWfEkgQIooWg54w2/c2c6Ps2i69uJlI+S+hIgEzMedGuJaDT4FoQh2NttWUhSGoElhlyeNT/U3I287tb6l3cVQiOllixmlFvmOwhVveV8ntv4B7CuU+/mZ72A1S7W5gzsVkIAdGXCbDXWAIh3X08YlhAILXdKHe5+GWe5iPnkKEEVO5KCQRkvXMnrb03WJ66+yIaN4vLjXrzhdC0PmqigURe2fTH1WHPI/Ed4xwMZPAR98r4uPAfs638qT44mfehVnEbWEXLKMtQLZ8BW7rQ41FT+lFjsDdLWeo3rnc4IHb8/ZRVdFI4zsnQ== root@localhost.localdomain\n\nssh_pwauth: true\nchpasswd:\n  list: |\n    deploy:root\n  expire: false\npackages:\n  - qemu-guest-agent\nruncmd:\n  - hostnamectl set-hostname worker01\n  - date \u003e /home/deploy/created\n",
            "template": "#cloud-config\n# vim: syntax=yaml\n\nhostname: ${hostname}\nusers:\n  - name: ${deploy_account}\n    sudo: [\"ALL=(ALL) NOPASSWD:ALL\"]\n    groups: wheel\n    home: /home/${deploy_account}\n    shell: /bin/bash\n    lock_passwd: false\n    ssh_authorized_keys:\n      - ${file(\"keys/id-rsa.pub\")}\nssh_pwauth: true\nchpasswd:\n  list: |\n    ${deploy_account}:${deploy_account_pwd}\n  expire: false\npackages:\n  - qemu-guest-agent\nruncmd:\n  - hostnamectl set-hostname ${hostname}\n  - date \u003e /home/${deploy_account}/created\n",
            "vars": {
              "deploy_account": "deploy",
              "deploy_account_pwd": "root",
              "hostname": "worker01"
            }
          },
          "sensitive_attributes": []
        }
      ]
    },
    {
      "module": "module.worker01",
      "mode": "managed",
      "type": "libvirt_cloudinit_disk",
      "name": "commoninit",
      "provider": "provider[\"registry.terraform.io/dmacvicar/libvirt\"]",
      "instances": [
        {
          "schema_version": 0,
          "attributes": {
            "id": "/mnt/kvm/disks_newdisks/worker01-commoninit.iso;50e0eb06-ecab-4199-9649-7e8ebc30fbae",
            "meta_data": "",
            "name": "worker01-commoninit.iso",
            "network_config": "subnets:\n      - type: static\n        address: 192.168.190.100/24\n        gateway: 192.168.190.1\n        dns_nameservers:\n          - 8.8.8.8\n          - 8.8.4.4\n",
            "pool": "disks_newdisks",
            "user_data": "#cloud-config\n# vim: syntax=yaml\n\nhostname: worker01\nusers:\n  - name: deploy\n    sudo: [\"ALL=(ALL) NOPASSWD:ALL\"]\n    groups: wheel\n    home: /home/deploy\n    shell: /bin/bash\n    lock_passwd: false\n    ssh_authorized_keys:\n      - ssh-rsa AAAAB3NzaC1yc2EAAAADAQABAAACAQDeknESoDEe6a4GWc3l9yONobuIUomk1h01wCA80RXQ5gEJ3KOslRMOvAQIYjBICYPfimYZsNHmTJWvBHFg7+TT7c2bLLGjBQIuri2kDsHZlCIefWFxFQQoj4rlw922fHGVF83h7nkASEflQuQLs0oOpa0FbH4rNLm7HrLzCL4kjJ7XlusbO9nt8I7lz8ficyhkt1Q9/CUk69yhC/y11FIaEvDOJeiFKtF94mSVzu2k1+wepwhDCWh7ylNVlNHdjCtTRv3pkYNWVibOlfUeHKdpwIpOGaUN+yM5lVRIvcGL0JjWwmnimGr7nnLAHAUy+ktfWJMMCvpBonwHlQLtFGFI7jLRXV1beTDYzCA7K4466M+OnZS5TDvWfEkgQIooWg54w2/c2c6Ps2i69uJlI+S+hIgEzMedGuJaDT4FoQh2NttWUhSGoElhlyeNT/U3I287tb6l3cVQiOllixmlFvmOwhVveV8ntv4B7CuU+/mZ72A1S7W5gzsVkIAdGXCbDXWAIh3X08YlhAILXdKHe5+GWe5iPnkKEEVO5KCQRkvXMnrb03WJ66+yIaN4vLjXrzhdC0PmqigURe2fTH1WHPI/Ed4xwMZPAR98r4uPAfs638qT44mfehVnEbWEXLKMtQLZ8BW7rQ41FT+lFjsDdLWeo3rnc4IHb8/ZRVdFI4zsnQ== root@localhost.localdomain\n\nssh_pwauth: true\nchpasswd:\n  list: |\n    deploy:root\n  expire: false\npackages:\n  - qemu-guest-agent\nruncmd:\n  - hostnamectl set-hostname worker01\n  - date \u003e /home/deploy/created\n"
          },
          "sensitive_attributes": [],
          "private": "bnVsbA==",
          "dependencies": [
            "module.common.libvirt_pool.disks_newdisks",
            "module.common.libvirt_volume.base_volume",
            "module.worker01.data.template_file.network_config",
            "module.worker01.data.template_file.user_data"
          ]
        }
      ]
    },
    {
      "module": "module.worker01",
      "mode": "managed",
      "type": "libvirt_domain",
      "name": "domain",
      "provider": "provider[\"registry.terraform.io/dmacvicar/libvirt\"]",
      "instances": [
        {
          "schema_version": 0,
          "attributes": {
            "arch": "x86_64",
            "autostart": true,
            "boot_device": [],
            "cloudinit": "/mnt/kvm/disks_newdisks/worker01-commoninit.iso;50e0eb06-ecab-4199-9649-7e8ebc30fbae",
            "cmdline": null,
            "console": [],
            "coreos_ignition": null,
            "cpu": [
              {
                "mode": "custom"
              }
            ],
            "description": "",
            "disk": [
              {
                "block_device": "",
                "file": "",
                "scsi": false,
                "url": "",
                "volume_id": "/mnt/kvm/disks_newdisks/worker01.qcow2",
                "wwn": ""
              }
            ],
            "emulator": "/usr/libexec/qemu-kvm",
            "filesystem": [],
            "firmware": null,
            "fw_cfg_name": "opt/com.coreos/config",
            "graphics": [],
            "id": "42120842-4e7d-45a9-b0d7-06250270e2fa",
            "initrd": "",
            "kernel": "",
            "machine": "pc",
            "memory": 1024,
            "metadata": null,
            "name": "worker01",
            "network_interface": [
              {
                "addresses": [],
                "bridge": "virbr0",
                "hostname": "",
                "mac": "52:54:00:B6:22:51",
                "macvtap": "",
                "network_id": "",
                "network_name": "",
                "passthrough": "",
                "private": "",
                "vepa": "",
                "wait_for_lease": false
              }
            ],
            "nvram": null,
            "qemu_agent": false,
            "running": true,
            "timeouts": null,
            "tpm": [],
            "type": "kvm",
            "vcpu": 1,
            "video": [],
            "xml": []
          },
          "sensitive_attributes": [],
          "private": "eyJlMmJmYjczMC1lY2FhLTExZTYtOGY4OC0zNDM2M2JjN2M0YzAiOnsiY3JlYXRlIjozMDAwMDAwMDAwMDB9fQ==",
          "dependencies": [
            "module.common.libvirt_pool.disks_newdisks",
            "module.common.libvirt_volume.base_volume",
            "module.worker01.data.template_file.network_config",
            "module.worker01.data.template_file.user_data",
            "module.worker01.libvirt_cloudinit_disk.commoninit",
            "module.worker01.libvirt_volume.volume"
          ]
        }
      ]
    },
    {
      "module": "module.worker01",
      "mode": "managed",
      "type": "libvirt_volume",
      "name": "volume",
      "provider": "provider[\"registry.terraform.io/dmacvicar/libvirt\"]",
      "instances": [
        {
          "schema_version": 0,
          "attributes": {
            "base_volume_id": null,
            "base_volume_name": "base.qcow2",
            "base_volume_pool": null,
            "format": "qcow2",
            "id": "/mnt/kvm/disks_newdisks/worker01.qcow2",
            "name": "worker01.qcow2",
            "pool": "disks_newdisks",
            "size": 20401094656,
            "source": null,
            "xml": []
          },
          "sensitive_attributes": [],
          "private": "bnVsbA==",
          "dependencies": [
            "module.common.libvirt_pool.disks_newdisks",
            "module.common.libvirt_volume.base_volume"
          ]
        }
      ]
    },
    {
      "module": "module.worker02",
      "mode": "data",
      "type": "template_file",
      "name": "network_config",
      "provider": "provider[\"registry.terraform.io/hashicorp/template\"]",
      "instances": [
        {
          "schema_version": 0,
          "attributes": {
            "filename": null,
            "id": "a7c4fb123ec2bcc3511cb5dff0dcfc6dac2900c079b45680493bc4e50dee4dc2",
            "rendered": "version: 1\nconfig:\n  - type: physical\n    name: ens160\n    subnets:\n      - type: dhcp\n",
            "template": "version: 1\nconfig:\n  - type: physical\n    name: ens160\n    subnets:\n      - type: dhcp\n",
            "vars": {
              "address": "",
              "dns_1": "",
              "domain": "local",
              "gateway": ""
            }
          },
          "sensitive_attributes": []
        }
      ]
    },
    {
      "module": "module.worker02",
      "mode": "data",
      "type": "template_file",
      "name": "user_data",
      "provider": "provider[\"registry.terraform.io/hashicorp/template\"]",
      "instances": [
        {
          "schema_version": 0,
          "attributes": {
            "filename": null,
            "id": "71d02cb8d7c6d3c1c243fa63f20d705b114837bddb2777c835b4504da94ea88a",
            "rendered": "#cloud-config\n# vim: syntax=yaml\n\nhostname: worker02\nusers:\n  - name: deploy\n    sudo: [\"ALL=(ALL) NOPASSWD:ALL\"]\n    groups: wheel\n    home: /home/deploy\n    shell: /bin/bash\n    lock_passwd: false\n    ssh_authorized_keys:\n      - ssh-rsa AAAAB3NzaC1yc2EAAAADAQABAAACAQDeknESoDEe6a4GWc3l9yONobuIUomk1h01wCA80RXQ5gEJ3KOslRMOvAQIYjBICYPfimYZsNHmTJWvBHFg7+TT7c2bLLGjBQIuri2kDsHZlCIefWFxFQQoj4rlw922fHGVF83h7nkASEflQuQLs0oOpa0FbH4rNLm7HrLzCL4kjJ7XlusbO9nt8I7lz8ficyhkt1Q9/CUk69yhC/y11FIaEvDOJeiFKtF94mSVzu2k1+wepwhDCWh7ylNVlNHdjCtTRv3pkYNWVibOlfUeHKdpwIpOGaUN+yM5lVRIvcGL0JjWwmnimGr7nnLAHAUy+ktfWJMMCvpBonwHlQLtFGFI7jLRXV1beTDYzCA7K4466M+OnZS5TDvWfEkgQIooWg54w2/c2c6Ps2i69uJlI+S+hIgEzMedGuJaDT4FoQh2NttWUhSGoElhlyeNT/U3I287tb6l3cVQiOllixmlFvmOwhVveV8ntv4B7CuU+/mZ72A1S7W5gzsVkIAdGXCbDXWAIh3X08YlhAILXdKHe5+GWe5iPnkKEEVO5KCQRkvXMnrb03WJ66+yIaN4vLjXrzhdC0PmqigURe2fTH1WHPI/Ed4xwMZPAR98r4uPAfs638qT44mfehVnEbWEXLKMtQLZ8BW7rQ41FT+lFjsDdLWeo3rnc4IHb8/ZRVdFI4zsnQ== root@localhost.localdomain\n\nssh_pwauth: true\nchpasswd:\n  list: |\n    deploy:root\n  expire: false\npackages:\n  - qemu-guest-agent\nruncmd:\n  - hostnamectl set-hostname worker02\n  - date \u003e /home/deploy/created\n",
            "template": "#cloud-config\n# vim: syntax=yaml\n\nhostname: ${hostname}\nusers:\n  - name: ${deploy_account}\n    sudo: [\"ALL=(ALL) NOPASSWD:ALL\"]\n    groups: wheel\n    home: /home/${deploy_account}\n    shell: /bin/bash\n    lock_passwd: false\n    ssh_authorized_keys:\n      - ${file(\"keys/id-rsa.pub\")}\nssh_pwauth: true\nchpasswd:\n  list: |\n    ${deploy_account}:${deploy_account_pwd}\n  expire: false\npackages:\n  - qemu-guest-agent\nruncmd:\n  - hostnamectl set-hostname ${hostname}\n  - date \u003e /home/${deploy_account}/created\n",
            "vars": {
              "deploy_account": "deploy",
              "deploy_account_pwd": "root",
              "hostname": "worker02"
            }
          },
          "sensitive_attributes": []
        }
      ]
    },
    {
      "module": "module.worker02",
      "mode": "managed",
      "type": "libvirt_cloudinit_disk",
      "name": "commoninit",
      "provider": "provider[\"registry.terraform.io/dmacvicar/libvirt\"]",
      "instances": [
        {
          "schema_version": 0,
          "attributes": {
            "id": "/mnt/kvm/disks_newdisks/worker02-commoninit.iso;862a337c-5ee8-4fea-bcf5-f9fcb52c3a66",
            "meta_data": "",
            "name": "worker02-commoninit.iso",
            "network_config": "version: 1\nconfig:\n  - type: physical\n    name: ens160\n    subnets:\n      - type: dhcp\n",
            "pool": "disks_newdisks",
            "user_data": "#cloud-config\n# vim: syntax=yaml\n\nhostname: worker02\nusers:\n  - name: deploy\n    sudo: [\"ALL=(ALL) NOPASSWD:ALL\"]\n    groups: wheel\n    home: /home/deploy\n    shell: /bin/bash\n    lock_passwd: false\n    ssh_authorized_keys:\n      - ssh-rsa AAAAB3NzaC1yc2EAAAADAQABAAACAQDeknESoDEe6a4GWc3l9yONobuIUomk1h01wCA80RXQ5gEJ3KOslRMOvAQIYjBICYPfimYZsNHmTJWvBHFg7+TT7c2bLLGjBQIuri2kDsHZlCIefWFxFQQoj4rlw922fHGVF83h7nkASEflQuQLs0oOpa0FbH4rNLm7HrLzCL4kjJ7XlusbO9nt8I7lz8ficyhkt1Q9/CUk69yhC/y11FIaEvDOJeiFKtF94mSVzu2k1+wepwhDCWh7ylNVlNHdjCtTRv3pkYNWVibOlfUeHKdpwIpOGaUN+yM5lVRIvcGL0JjWwmnimGr7nnLAHAUy+ktfWJMMCvpBonwHlQLtFGFI7jLRXV1beTDYzCA7K4466M+OnZS5TDvWfEkgQIooWg54w2/c2c6Ps2i69uJlI+S+hIgEzMedGuJaDT4FoQh2NttWUhSGoElhlyeNT/U3I287tb6l3cVQiOllixmlFvmOwhVveV8ntv4B7CuU+/mZ72A1S7W5gzsVkIAdGXCbDXWAIh3X08YlhAILXdKHe5+GWe5iPnkKEEVO5KCQRkvXMnrb03WJ66+yIaN4vLjXrzhdC0PmqigURe2fTH1WHPI/Ed4xwMZPAR98r4uPAfs638qT44mfehVnEbWEXLKMtQLZ8BW7rQ41FT+lFjsDdLWeo3rnc4IHb8/ZRVdFI4zsnQ== root@localhost.localdomain\n\nssh_pwauth: true\nchpasswd:\n  list: |\n    deploy:root\n  expire: false\npackages:\n  - qemu-guest-agent\nruncmd:\n  - hostnamectl set-hostname worker02\n  - date \u003e /home/deploy/created\n"
          },
          "sensitive_attributes": [],
          "private": "bnVsbA==",
          "dependencies": [
            "module.common.libvirt_pool.disks_newdisks",
            "module.common.libvirt_volume.base_volume",
            "module.worker02.data.template_file.network_config",
            "module.worker02.data.template_file.user_data"
          ]
        }
      ]
    },
    {
      "module": "module.worker02",
      "mode": "managed",
      "type": "libvirt_domain",
      "name": "domain",
      "provider": "provider[\"registry.terraform.io/dmacvicar/libvirt\"]",
      "instances": [
        {
          "schema_version": 0,
          "attributes": {
            "arch": "x86_64",
            "autostart": true,
            "boot_device": [],
            "cloudinit": "/mnt/kvm/disks_newdisks/worker02-commoninit.iso;862a337c-5ee8-4fea-bcf5-f9fcb52c3a66",
            "cmdline": null,
            "console": [],
            "coreos_ignition": null,
            "cpu": [
              {
                "mode": "custom"
              }
            ],
            "description": "",
            "disk": [
              {
                "block_device": "",
                "file": "",
                "scsi": false,
                "url": "",
                "volume_id": "/mnt/kvm/disks_newdisks/worker02.qcow2",
                "wwn": ""
              }
            ],
            "emulator": "/usr/libexec/qemu-kvm",
            "filesystem": [],
            "firmware": null,
            "fw_cfg_name": "opt/com.coreos/config",
            "graphics": [],
            "id": "64a11dbd-da4e-4da2-9d0d-eec5288cc8c8",
            "initrd": "",
            "kernel": "",
            "machine": "pc",
            "memory": 1024,
            "metadata": null,
            "name": "worker02",
            "network_interface": [
              {
                "addresses": [],
                "bridge": "virbr0",
                "hostname": "",
                "mac": "52:54:00:1E:F5:2F",
                "macvtap": "",
                "network_id": "",
                "network_name": "",
                "passthrough": "",
                "private": "",
                "vepa": "",
                "wait_for_lease": false
              }
            ],
            "nvram": null,
            "qemu_agent": false,
            "running": true,
            "timeouts": null,
            "tpm": [],
            "type": "kvm",
            "vcpu": 2,
            "video": [],
            "xml": []
          },
          "sensitive_attributes": [],
          "private": "eyJlMmJmYjczMC1lY2FhLTExZTYtOGY4OC0zNDM2M2JjN2M0YzAiOnsiY3JlYXRlIjozMDAwMDAwMDAwMDB9fQ==",
          "dependencies": [
            "module.common.libvirt_pool.disks_newdisks",
            "module.common.libvirt_volume.base_volume",
            "module.worker02.data.template_file.network_config",
            "module.worker02.data.template_file.user_data",
            "module.worker02.libvirt_cloudinit_disk.commoninit",
            "module.worker02.libvirt_volume.volume"
          ]
        }
      ]
    },
    {
      "module": "module.worker02",
      "mode": "managed",
      "type": "libvirt_volume",
      "name": "volume",
      "provider": "provider[\"registry.terraform.io/dmacvicar/libvirt\"]",
      "instances": [
        {
          "schema_version": 0,
          "attributes": {
            "base_volume_id": null,
            "base_volume_name": "base.qcow2",
            "base_volume_pool": null,
            "format": "qcow2",
            "id": "/mnt/kvm/disks_newdisks/worker02.qcow2",
            "name": "worker02.qcow2",
            "pool": "disks_newdisks",
            "size": 20401094656,
            "source": null,
            "xml": []
          },
          "sensitive_attributes": [],
          "private": "bnVsbA==",
          "dependencies": [
            "module.common.libvirt_pool.disks_newdisks",
            "module.common.libvirt_volume.base_volume"
          ]
        }
      ]
    }
  ],
  "check_results": null
}
