{
  "version": 4,
  "terraform_version": "1.11.2",
  "serial": 2,
  "lineage": "0a7464b1-5594-2080-ee19-024cbfb07c27",
  "outputs": {},
  "resources": [
    {
      "mode": "managed",
      "type": "libvirt_pool",
      "name": "disks_newdisks",
      "provider": "provider[\"registry.terraform.io/dmacvicar/libvirt\"]",
      "instances": [
        {
          "schema_version": 0,
          "attributes": {
            "allocation": 9084477440,
            "available": 30599417856,
            "capacity": 39683895296,
            "id": "867e20fd-d821-470e-8909-68d6d0dececb",
            "name": "disks_newdisks",
            "path": null,
            "source": [],
            "target": [
              {
                "path": "/mnt/kvm/disks_newdisks"
              }
            ],
            "type": "dir",
            "xml": []
          },
          "sensitive_attributes": [],
          "private": "eyJzY2hlbWFfdmVyc2lvbiI6IjAifQ=="
        }
      ]
    }
  ],
  "check_results": null
}
