{
  "version": 4,
  "terraform_version": "1.11.2",
  "serial": 5,
  "lineage": "45f65201-c6e8-9c19-6417-46cab6f8b59c",
  "outputs": {},
  "resources": [
    {
      "mode": "managed",
      "type": "libvirt_pool",
      "name": "disks",
      "provider": "provider[\"registry.terraform.io/dmacvicar/libvirt\"]",
      "instances": [
        {
          "schema_version": 0,
          "attributes": {
            "allocation": 8074416128,
            "available": 31609479168,
            "capacity": 39683895296,
            "id": "ebd50857-4be2-4fd0-a2f7-bdd9c543b772",
            "name": "disks",
            "path": null,
            "source": [],
            "target": [
              {
                "path": "/mnt/kvm/disks"
              }
            ],
            "type": "dir",
            "xml": []
          },
          "sensitive_attributes": [],
          "private": "bnVsbA=="
        }
      ]
    }
  ],
  "check_results": null
}
