{
  "version": 4,
  "terraform_version": "1.11.2",
  "serial": 13,
  "lineage": "d74f3d86-50ae-a8cf-0d3a-e5cc09de5c51",
  "outputs": {},
  "resources": [
    {
      "mode": "data",
      "type": "template_file",
      "name": "network_config",
      "provider": "provider[\"registry.terraform.io/hashicorp/template\"]",
      "instances": [
        {
          "schema_version": 0,
          "attributes": {
            "filename": null,
            "id": "a7c4fb123ec2bcc3511cb5dff0dcfc6dac2900c079b45680493bc4e50dee4dc2",
            "rendered": "version: 1\nconfig:\n  - type: physical\n    name: ens160\n    subnets:\n      - type: dhcp\n",
            "template": "version: 1\nconfig:\n  - type: physical\n    name: ens160\n    subnets:\n      - type: dhcp\n",
            "vars": {
              "address": "",
              "dns_1": "",
              "domain": "local",
              "gateway": ""
            }
          },
          "sensitive_attributes": []
        }
      ]
    },
    {
      "mode": "data",
      "type": "template_file",
      "name": "user_data",
      "provider": "provider[\"registry.terraform.io/hashicorp/template\"]",
      "instances": [
        {
          "schema_version": 0,
          "attributes": {
            "filename": null,
            "id": "44c5d2842ed796339ff2ca5706ae56f40b2b16e0b9319a76638b04f0633f923f",
            "rendered": "#cloud-config\n# vim: syntax=yaml\n\nhostname: worker\nusers:\n  - name: deploy\n    sudo: [\"ALL=(ALL) NOPASSWD:ALL\"]\n    groups: wheel\n    home: /home/deploy\n    shell: /bin/bash\n    lock_passwd: false\n    ssh_authorized_keys:\n      - ssh-rsa AAAAB3NzaC1yc2EAAAADAQABAAACAQDeknESoDEe6a4GWc3l9yONobuIUomk1h01wCA80RXQ5gEJ3KOslRMOvAQIYjBICYPfimYZsNHmTJWvBHFg7+TT7c2bLLGjBQIuri2kDsHZlCIefWFxFQQoj4rlw922fHGVF83h7nkASEflQuQLs0oOpa0FbH4rNLm7HrLzCL4kjJ7XlusbO9nt8I7lz8ficyhkt1Q9/CUk69yhC/y11FIaEvDOJeiFKtF94mSVzu2k1+wepwhDCWh7ylNVlNHdjCtTRv3pkYNWVibOlfUeHKdpwIpOGaUN+yM5lVRIvcGL0JjWwmnimGr7nnLAHAUy+ktfWJMMCvpBonwHlQLtFGFI7jLRXV1beTDYzCA7K4466M+OnZS5TDvWfEkgQIooWg54w2/c2c6Ps2i69uJlI+S+hIgEzMedGuJaDT4FoQh2NttWUhSGoElhlyeNT/U3I287tb6l3cVQiOllixmlFvmOwhVveV8ntv4B7CuU+/mZ72A1S7W5gzsVkIAdGXCbDXWAIh3X08YlhAILXdKHe5+GWe5iPnkKEEVO5KCQRkvXMnrb03WJ66+yIaN4vLjXrzhdC0PmqigURe2fTH1WHPI/Ed4xwMZPAR98r4uPAfs638qT44mfehVnEbWEXLKMtQLZ8BW7rQ41FT+lFjsDdLWeo3rnc4IHb8/ZRVdFI4zsnQ== root@localhost.localdomain\n\nssh_pwauth: true\nchpasswd:\n  list: |\n    deploy:deploy\n  expire: false\npackages:\n  - qemu-guest-agent\nruncmd:\n  - hostnamectl set-hostname worker\n  - date \u003e /home/deploy/created\n",
            "template": "#cloud-config\n# vim: syntax=yaml\n\nhostname: ${hostname}\nusers:\n  - name: ${deploy_account}\n    sudo: [\"ALL=(ALL) NOPASSWD:ALL\"]\n    groups: wheel\n    home: /home/${deploy_account}\n    shell: /bin/bash\n    lock_passwd: false\n    ssh_authorized_keys:\n      - ${file(\"../keys/id-rsa.pub\")}\nssh_pwauth: true\nchpasswd:\n  list: |\n    ${deploy_account}:${deploy_account_pwd}\n  expire: false\npackages:\n  - qemu-guest-agent\nruncmd:\n  - hostnamectl set-hostname ${hostname}\n  - date \u003e /home/${deploy_account}/created\n",
            "vars": {
              "deploy_account": "deploy",
              "deploy_account_pwd": "deploy",
              "hostname": "worker"
            }
          },
          "sensitive_attributes": []
        }
      ]
    },
    {
      "mode": "managed",
      "type": "libvirt_cloudinit_disk",
      "name": "commoninit",
      "provider": "provider[\"registry.terraform.io/dmacvicar/libvirt\"]",
      "instances": [
        {
          "schema_version": 0,
          "attributes": {
            "id": "/mnt/kvm/disks/worker-commoninit.iso;b9de1912-617b-499d-a344-d15cd4d79063",
            "meta_data": "",
            "name": "worker-commoninit.iso",
            "network_config": "version: 1\nconfig:\n  - type: physical\n    name: ens160\n    subnets:\n      - type: dhcp\n",
            "pool": "disks",
            "user_data": "#cloud-config\n# vim: syntax=yaml\n\nhostname: worker\nusers:\n  - name: deploy\n    sudo: [\"ALL=(ALL) NOPASSWD:ALL\"]\n    groups: wheel\n    home: /home/deploy\n    shell: /bin/bash\n    lock_passwd: false\n    ssh_authorized_keys:\n      - ssh-rsa AAAAB3NzaC1yc2EAAAADAQABAAACAQDeknESoDEe6a4GWc3l9yONobuIUomk1h01wCA80RXQ5gEJ3KOslRMOvAQIYjBICYPfimYZsNHmTJWvBHFg7+TT7c2bLLGjBQIuri2kDsHZlCIefWFxFQQoj4rlw922fHGVF83h7nkASEflQuQLs0oOpa0FbH4rNLm7HrLzCL4kjJ7XlusbO9nt8I7lz8ficyhkt1Q9/CUk69yhC/y11FIaEvDOJeiFKtF94mSVzu2k1+wepwhDCWh7ylNVlNHdjCtTRv3pkYNWVibOlfUeHKdpwIpOGaUN+yM5lVRIvcGL0JjWwmnimGr7nnLAHAUy+ktfWJMMCvpBonwHlQLtFGFI7jLRXV1beTDYzCA7K4466M+OnZS5TDvWfEkgQIooWg54w2/c2c6Ps2i69uJlI+S+hIgEzMedGuJaDT4FoQh2NttWUhSGoElhlyeNT/U3I287tb6l3cVQiOllixmlFvmOwhVveV8ntv4B7CuU+/mZ72A1S7W5gzsVkIAdGXCbDXWAIh3X08YlhAILXdKHe5+GWe5iPnkKEEVO5KCQRkvXMnrb03WJ66+yIaN4vLjXrzhdC0PmqigURe2fTH1WHPI/Ed4xwMZPAR98r4uPAfs638qT44mfehVnEbWEXLKMtQLZ8BW7rQ41FT+lFjsDdLWeo3rnc4IHb8/ZRVdFI4zsnQ== root@localhost.localdomain\n\nssh_pwauth: true\nchpasswd:\n  list: |\n    deploy:deploy\n  expire: false\npackages:\n  - qemu-guest-agent\nruncmd:\n  - hostnamectl set-hostname worker\n  - date \u003e /home/deploy/created\n"
          },
          "sensitive_attributes": [],
          "private": "bnVsbA==",
          "dependencies": [
            "data.template_file.network_config",
            "data.template_file.user_data"
          ]
        }
      ]
    },
    {
      "mode": "managed",
      "type": "libvirt_domain",
      "name": "domain",
      "provider": "provider[\"registry.terraform.io/dmacvicar/libvirt\"]",
      "instances": [
        {
          "schema_version": 0,
          "attributes": {
            "arch": "x86_64",
            "autostart": true,
            "boot_device": [],
            "cloudinit": "/mnt/kvm/disks/worker-commoninit.iso;b9de1912-617b-499d-a344-d15cd4d79063",
            "cmdline": null,
            "console": [],
            "coreos_ignition": null,
            "cpu": [
              {
                "mode": "custom"
              }
            ],
            "description": "",
            "disk": [
              {
                "block_device": "",
                "file": "",
                "scsi": false,
                "url": "",
                "volume_id": "/mnt/kvm/disks/worker.qcow2",
                "wwn": ""
              }
            ],
            "emulator": "/usr/libexec/qemu-kvm",
            "filesystem": [],
            "firmware": null,
            "fw_cfg_name": "opt/com.coreos/config",
            "graphics": [],
            "id": "ee044af0-773f-491e-ac56-d4b9b8533a9e",
            "initrd": "",
            "kernel": "",
            "machine": "pc",
            "memory": 1024,
            "metadata": null,
            "name": "worker",
            "network_interface": [
              {
                "addresses": [],
                "bridge": "virbr0",
                "hostname": "",
                "mac": "52:54:00:2A:78:40",
                "macvtap": "",
                "network_id": "",
                "network_name": "",
                "passthrough": "",
                "private": "",
                "vepa": "",
                "wait_for_lease": false
              }
            ],
            "nvram": null,
            "qemu_agent": false,
            "running": true,
            "timeouts": null,
            "tpm": [],
            "type": "kvm",
            "vcpu": 1,
            "video": [],
            "xml": []
          },
          "sensitive_attributes": [],
          "private": "eyJlMmJmYjczMC1lY2FhLTExZTYtOGY4OC0zNDM2M2JjN2M0YzAiOnsiY3JlYXRlIjozMDAwMDAwMDAwMDB9fQ==",
          "dependencies": [
            "data.template_file.network_config",
            "data.template_file.user_data",
            "libvirt_cloudinit_disk.commoninit",
            "libvirt_volume.volume"
          ]
        }
      ]
    }
  ],
  "check_results": null
}
